{
  "name": "client",
  "version": "1.0.0",
  "lockfileVersion": 3,
  "requires": true,
  "packages": {
    "": {
      "name": "client",
      "version": "1.0.0",
      "license": "ISC",
      "dependencies": {
        "@trpc/client": "^11.0.0-rc.403",
        "tsc": "^2.0.4"
      }
    },
    "node_modules/@trpc/client": {
      "version": "11.0.0-rc.403",
      "resolved": "https://registry.npmjs.org/@trpc/client/-/client-11.0.0-rc.403.tgz",
      "integrity": "sha512-4Elc4/PQI1H2Mpt3VWVINtYI8HhuPkvu/xowGDlHhYemmuvR3OqnE4H3I1XiPS9EXDOT397VadTJ5eGhQIZxPA==",
      "funding": [
        "https://trpc.io/sponsor"
      ],
      "peerDependencies": {
        "@trpc/server": "11.0.0-rc.403+ab71a1be6"
      }
    },
    "node_modules/@trpc/server": {
      "version": "11.0.0-rc.403",
      "resolved": "https://registry.npmjs.org/@trpc/server/-/server-11.0.0-rc.403.tgz",
      "integrity": "sha512-DIt0GijW3nzq3zk9rFw1Ly/b6E9eTcsKV+caOMSeJl6A7Pby8QpdKaN8yJZDHhEojULeIVFNE4Izals5T0fQgg==",
      "funding": [
        "https://trpc.io/sponsor"
      ],
      "peer": true
    },
    "node_modules/tsc": {
      "version": "2.0.4",
      "resolved": "https://registry.npmjs.org/tsc/-/tsc-2.0.4.tgz",
      "integrity": "sha512-fzoSieZI5KKJVBYGvwbVZs/J5za84f2lSTLPYf6AGiIf43tZ3GNrI1QzTLcjtyDDP4aLxd46RTZq1nQxe7+k5Q==",
      "bin": {
        "tsc": "bin/tsc"
      }
    }
  }
}
